
Microsoft Visual Studio Solution File, Format Version 12.00
# Visual Studio Version 16
VisualStudioVersion = 16.0.33214.272
MinimumVisualStudioVersion = 10.0.40219.1
Project("{FAE04EC0-301F-11D3-BF4B-00C04F79EFBC}") = "Calculator.Android", "Calculator.Android\Calculator.Android.csproj", "{40926CBA-17F1-4FD2-B8E9-4831633DA210}"
EndProject
Project("{FAE04EC0-301F-11D3-BF4B-00C04F79EFBC}") = "Calculator.iOS", "Calculator.iOS\Calculator.iOS.csproj", "{9C535E2A-5853-4B8B-991D-D38511659AD2}"
EndProject
Project("{FAE04EC0-301F-11D3-BF4B-00C04F79EFBC}") = "Calculator", "Calculator\Calculator.csproj", "{99E92B3A-950B-46AE-9BC2-A7A4B8EE2D6A}"
EndProject
Global
	GlobalSection(SolutionConfigurationPlatforms) = preSolution
		Debug|Any CPU = Debug|Any CPU
		Debug|iPhone = Debug|iPhone
		Debug|iPhoneSimulator = Debug|iPhoneSimulator
		Release|Any CPU = Release|Any CPU
		Release|iPhone = Release|iPhone
		Release|iPhoneSimulator = Release|iPhoneSimulator
	EndGlobalSection
	GlobalSection(ProjectConfigurationPlatforms) = postSolution
		{40926CBA-17F1-4FD2-B8E9-4831633DA210}.Debug|Any CPU.ActiveCfg = Debug|Any CPU
		{40926CBA-17F1-4FD2-B8E9-4831633DA210}.Debug|Any CPU.Build.0 = Debug|Any CPU
		{40926CBA-17F1-4FD2-B8E9-4831633DA210}.Debug|Any CPU.Deploy.0 = Debug|Any CPU
		{40926CBA-17F1-4FD2-B8E9-4831633DA210}.Debug|iPhone.ActiveCfg = Debug|Any CPU
		{40926CBA-17F1-4FD2-B8E9-4831633DA210}.Debug|iPhone.Build.0 = Debug|Any CPU
		{40926CBA-17F1-4FD2-B8E9-4831633DA210}.Debug|iPhone.Deploy.0 = Debug|Any CPU
		{40926CBA-17F1-4FD2-B8E9-4831633DA210}.Debug|iPhoneSimulator.ActiveCfg = Debug|Any CPU
		{40926CBA-17F1-4FD2-B8E9-4831633DA210}.Debug|iPhoneSimulator.Build.0 = Debug|Any CPU
		{40926CBA-17F1-4FD2-B8E9-4831633DA210}.Debug|iPhoneSimulator.Deploy.0 = Debug|Any CPU
		{40926CBA-17F1-4FD2-B8E9-4831633DA210}.Release|Any CPU.ActiveCfg = Release|Any CPU
		{40926CBA-17F1-4FD2-B8E9-4831633DA210}.Release|Any CPU.Build.0 = Release|Any CPU
		{40926CBA-17F1-4FD2-B8E9-4831633DA210}.Release|Any CPU.Deploy.0 = Release|Any CPU
		{40926CBA-17F1-4FD2-B8E9-4831633DA210}.Release|iPhone.ActiveCfg = Release|Any CPU
		{40926CBA-17F1-4FD2-B8E9-4831633DA210}.Release|iPhone.Build.0 = Release|Any CPU
		{40926CBA-17F1-4FD2-B8E9-4831633DA210}.Release|iPhone.Deploy.0 = Release|Any CPU
		{40926CBA-17F1-4FD2-B8E9-4831633DA210}.Release|iPhoneSimulator.ActiveCfg = Release|Any CPU
		{40926CBA-17F1-4FD2-B8E9-4831633DA210}.Release|iPhoneSimulator.Build.0 = Release|Any CPU
		{40926CBA-17F1-4FD2-B8E9-4831633DA210}.Release|iPhoneSimulator.Deploy.0 = Release|Any CPU
		{9C535E2A-5853-4B8B-991D-D38511659AD2}.Debug|Any CPU.ActiveCfg = Debug|iPhone
		{9C535E2A-5853-4B8B-991D-D38511659AD2}.Debug|Any CPU.Build.0 = Debug|iPhone
		{9C535E2A-5853-4B8B-991D-D38511659AD2}.Debug|Any CPU.Deploy.0 = Debug|iPhone
		{9C535E2A-5853-4B8B-991D-D38511659AD2}.Debug|iPhone.ActiveCfg = Debug|iPhone
		{9C535E2A-5853-4B8B-991D-D38511659AD2}.Debug|iPhone.Build.0 = Debug|iPhone
		{9C535E2A-5853-4B8B-991D-D38511659AD2}.Debug|iPhone.Deploy.0 = Debug|iPhone
		{9C535E2A-5853-4B8B-991D-D38511659AD2}.Debug|iPhoneSimulator.ActiveCfg = Debug|iPhoneSimulator
		{9C535E2A-5853-4B8B-991D-D38511659AD2}.Debug|iPhoneSimulator.Build.0 = Debug|iPhoneSimulator
		{9C535E2A-5853-4B8B-991D-D38511659AD2}.Debug|iPhoneSimulator.Deploy.0 = Debug|iPhoneSimulator
		{9C535E2A-5853-4B8B-991D-D38511659AD2}.Release|Any CPU.ActiveCfg = Release|iPhoneSimulator
		{9C535E2A-5853-4B8B-991D-D38511659AD2}.Release|Any CPU.Build.0 = Release|iPhoneSimulator
		{9C535E2A-5853-4B8B-991D-D38511659AD2}.Release|Any CPU.Deploy.0 = Release|iPhoneSimulator
		{9C535E2A-5853-4B8B-991D-D38511659AD2}.Release|iPhone.ActiveCfg = Release|iPhone
		{9C535E2A-5853-4B8B-991D-D38511659AD2}.Release|iPhone.Build.0 = Release|iPhone
		{9C535E2A-5853-4B8B-991D-D38511659AD2}.Release|iPhone.Deploy.0 = Release|iPhone
		{9C535E2A-5853-4B8B-991D-D38511659AD2}.Release|iPhoneSimulator.ActiveCfg = Release|iPhoneSimulator
		{9C535E2A-5853-4B8B-991D-D38511659AD2}.Release|iPhoneSimulator.Build.0 = Release|iPhoneSimulator
		{9C535E2A-5853-4B8B-991D-D38511659AD2}.Release|iPhoneSimulator.Deploy.0 = Release|iPhoneSimulator
		{99E92B3A-950B-46AE-9BC2-A7A4B8EE2D6A}.Debug|Any CPU.ActiveCfg = Debug|Any CPU
		{99E92B3A-950B-46AE-9BC2-A7A4B8EE2D6A}.Debug|Any CPU.Build.0 = Debug|Any CPU
		{99E92B3A-950B-46AE-9BC2-A7A4B8EE2D6A}.Debug|Any CPU.Deploy.0 = Debug|Any CPU
		{99E92B3A-950B-46AE-9BC2-A7A4B8EE2D6A}.Debug|iPhone.ActiveCfg = Debug|Any CPU
		{99E92B3A-950B-46AE-9BC2-A7A4B8EE2D6A}.Debug|iPhone.Build.0 = Debug|Any CPU
		{99E92B3A-950B-46AE-9BC2-A7A4B8EE2D6A}.Debug|iPhone.Deploy.0 = Debug|Any CPU
		{99E92B3A-950B-46AE-9BC2-A7A4B8EE2D6A}.Debug|iPhoneSimulator.ActiveCfg = Debug|Any CPU
		{99E92B3A-950B-46AE-9BC2-A7A4B8EE2D6A}.Debug|iPhoneSimulator.Build.0 = Debug|Any CPU
		{99E92B3A-950B-46AE-9BC2-A7A4B8EE2D6A}.Debug|iPhoneSimulator.Deploy.0 = Debug|Any CPU
		{99E92B3A-950B-46AE-9BC2-A7A4B8EE2D6A}.Release|Any CPU.ActiveCfg = Release|Any CPU
		{99E92B3A-950B-46AE-9BC2-A7A4B8EE2D6A}.Release|Any CPU.Build.0 = Release|Any CPU
		{99E92B3A-950B-46AE-9BC2-A7A4B8EE2D6A}.Release|Any CPU.Deploy.0 = Release|Any CPU
		{99E92B3A-950B-46AE-9BC2-A7A4B8EE2D6A}.Release|iPhone.ActiveCfg = Release|Any CPU
		{99E92B3A-950B-46AE-9BC2-A7A4B8EE2D6A}.Release|iPhone.Build.0 = Release|Any CPU
		{99E92B3A-950B-46AE-9BC2-A7A4B8EE2D6A}.Release|iPhone.Deploy.0 = Release|Any CPU
		{99E92B3A-950B-46AE-9BC2-A7A4B8EE2D6A}.Release|iPhoneSimulator.ActiveCfg = Release|Any CPU
		{99E92B3A-950B-46AE-9BC2-A7A4B8EE2D6A}.Release|iPhoneSimulator.Build.0 = Release|Any CPU
		{99E92B3A-950B-46AE-9BC2-A7A4B8EE2D6A}.Release|iPhoneSimulator.Deploy.0 = Release|Any CPU
	EndGlobalSection
	GlobalSection(SolutionProperties) = preSolution
		HideSolutionNode = FALSE
	EndGlobalSection
	GlobalSection(ExtensibilityGlobals) = postSolution
		SolutionGuid = {87C1C4FF-265B-4AE2-BD89-A05AF2F49FB6}
	EndGlobalSection
EndGlobal
